// !$*UTF8*$!
{
	archiveVersion = 1;
	classes = {
	};
	objectVersion = 56;
	objects = {

/* Begin PBXBuildFile section */
		D18799222A460848002A3459 /* main.swift in Sources */ = {isa = PBXBuildFile; fileRef = D18799212A460848002A3459 /* main.swift */; };
		D187992A2A460899002A3459 /* Algorithms in Frameworks */ = {isa = PBXBuildFile; productRef = D18799292A460899002A3459 /* Algorithms */; };
		D187992C2A46094D002A3459 /* KNN.swift in Sources */ = {isa = PBXBuildFile; fileRef = D187992B2A46094D002A3459 /* KNN.swift */; };
		D1D4D4EF2A48525200F3F8C1 /* Bayes.swift in Sources */ = {isa = PBXBuildFile; fileRef = D1D4D4EE2A48525200F3F8C1 /* Bayes.swift */; };
		D1E514372A4681D800B66DF0 /* LinearRegression.swift in Sources */ = {isa = PBXBuildFile; fileRef = D1E514362A4681D800B66DF0 /* LinearRegression.swift */; };
		D1E5143B2A47E86B00B66DF0 /* DataGeneration.swift in Sources */ = {isa = PBXBuildFile; fileRef = D1E5143A2A47E86B00B66DF0 /* DataGeneration.swift */; };
		D1E5143D2A47E95A00B66DF0 /* LogisticRegression.swift in Sources */ = {isa = PBXBuildFile; fileRef = D1E5143C2A47E95A00B66DF0 /* LogisticRegression.swift */; };
/* End PBXBuildFile section */

/* Begin PBXCopyFilesBuildPhase section */
		D187991C2A460848002A3459 /* CopyFiles */ = {
			isa = PBXCopyFilesBuildPhase;
			buildActionMask = 2147483647;
			dstPath = /usr/share/man/man1/;
			dstSubfolderSpec = 0;
			files = (
			);
			runOnlyForDeploymentPostprocessing = 1;
		};
/* End PBXCopyFilesBuildPhase section */

/* Begin PBXFileReference section */
		D187991E2A460848002A3459 /* Test */ = {isa = PBXFileReference; explicitFileType = "compiled.mach-o.executable"; includeInIndex = 0; path = Test; sourceTree = BUILT_PRODUCTS_DIR; };
		D18799212A460848002A3459 /* main.swift */ = {isa = PBXFileReference; lastKnownFileType = sourcecode.swift; path = main.swift; sourceTree = "<group>"; };
		D187992B2A46094D002A3459 /* KNN.swift */ = {isa = PBXFileReference; lastKnownFileType = sourcecode.swift; path = KNN.swift; sourceTree = "<group>"; };
		D1D4D4EE2A48525200F3F8C1 /* Bayes.swift */ = {isa = PBXFileReference; lastKnownFileType = sourcecode.swift; path = Bayes.swift; sourceTree = "<group>"; };
		D1E513F72A4610F900B66DF0 /* Python3.framework */ = {isa = PBXFileReference; lastKnownFileType = wrapper.framework; name = Python3.framework; path = Library/Frameworks/Python3.framework; sourceTree = DEVELOPER_DIR; };
		D1E513FB2A4611AC00B66DF0 /* PythonKit-master */ = {isa = PBXFileReference; lastKnownFileType = wrapper; name = "PythonKit-master"; path = "../../../../../Downloads/PythonKit-master"; sourceTree = "<group>"; };
		D1E514362A4681D800B66DF0 /* LinearRegression.swift */ = {isa = PBXFileReference; lastKnownFileType = sourcecode.swift; path = LinearRegression.swift; sourceTree = "<group>"; };
		D1E514392A468B5800B66DF0 /* README.md */ = {isa = PBXFileReference; lastKnownFileType = net.daringfireball.markdown; path = README.md; sourceTree = "<group>"; };
		D1E5143A2A47E86B00B66DF0 /* DataGeneration.swift */ = {isa = PBXFileReference; lastKnownFileType = sourcecode.swift; path = DataGeneration.swift; sourceTree = "<group>"; };
		D1E5143C2A47E95A00B66DF0 /* LogisticRegression.swift */ = {isa = PBXFileReference; lastKnownFileType = sourcecode.swift; path = LogisticRegression.swift; sourceTree = "<group>"; };
/* End PBXFileReference section */

/* Begin PBXFrameworksBuildPhase section */
		D187991B2A460848002A3459 /* Frameworks */ = {
			isa = PBXFrameworksBuildPhase;
			buildActionMask = 2147483647;
			files = (
				D187992A2A460899002A3459 /* Algorithms in Frameworks */,
			);
			runOnlyForDeploymentPostprocessing = 0;
		};
/* End PBXFrameworksBuildPhase section */

/* Begin PBXGroup section */
		D18799152A460848002A3459 = {
			isa = PBXGroup;
			children = (
				D18799202A460848002A3459 /* Test */,
				D187991F2A460848002A3459 /* Products */,
				D1E513F62A4610F900B66DF0 /* Frameworks */,
			);
			sourceTree = "<group>";
		};
		D187991F2A460848002A3459 /* Products */ = {
			isa = PBXGroup;
			children = (
				D187991E2A460848002A3459 /* Test */,
			);
			name = Products;
			sourceTree = "<group>";
		};
		D18799202A460848002A3459 /* Test */ = {
			isa = PBXGroup;
			children = (
				D18799212A460848002A3459 /* main.swift */,
				D1D4D4EE2A48525200F3F8C1 /* Bayes.swift */,
				D187992B2A46094D002A3459 /* KNN.swift */,
				D1E514362A4681D800B66DF0 /* LinearRegression.swift */,
				D1E514392A468B5800B66DF0 /* README.md */,
				D1E5143A2A47E86B00B66DF0 /* DataGeneration.swift */,
				D1E5143C2A47E95A00B66DF0 /* LogisticRegression.swift */,
			);
			path = Test;
			sourceTree = "<group>";
		};
		D1E513F62A4610F900B66DF0 /* Frameworks */ = {
			isa = PBXGroup;
			children = (
				D1E513FB2A4611AC00B66DF0 /* PythonKit-master */,
				D1E513F72A4610F900B66DF0 /* Python3.framework */,
			);
			name = Frameworks;
			sourceTree = "<group>";
		};
/* End PBXGroup section */

/* Begin PBXNativeTarget section */
		D187991D2A460848002A3459 /* Test */ = {
			isa = PBXNativeTarget;
			buildConfigurationList = D18799252A460848002A3459 /* Build configuration list for PBXNativeTarget "Test" */;
			buildPhases = (
				D187991A2A460848002A3459 /* Sources */,
				D187991B2A460848002A3459 /* Frameworks */,
				D187991C2A460848002A3459 /* CopyFiles */,
			);
			buildRules = (
			);
			dependencies = (
			);
			name = Test;
			packageProductDependencies = (
				D18799292A460899002A3459 /* Algorithms */,
			);
			productName = Test;
			productReference = D187991E2A460848002A3459 /* Test */;
			productType = "com.apple.product-type.tool";
		};
/* End PBXNativeTarget section */

/* Begin PBXProject section */
		D18799162A460848002A3459 /* Project object */ = {
			isa = PBXProject;
			attributes = {
				BuildIndependentTargetsInParallel = 1;
				LastSwiftUpdateCheck = 1500;
				LastUpgradeCheck = 1500;
				TargetAttributes = {
					D187991D2A460848002A3459 = {
						CreatedOnToolsVersion = 15.0;
					};
				};
			};
			buildConfigurationList = D18799192A460848002A3459 /* Build configuration list for PBXProject "Test" */;
			compatibilityVersion = "Xcode 14.0";
			developmentRegion = en;
			hasScannedForEncodings = 0;
			knownRegions = (
				en,
				Base,
			);
			mainGroup = D18799152A460848002A3459;
			packageReferences = (
				D18799282A460899002A3459 /* XCRemoteSwiftPackageReference "swift-algorithms" */,
			);
			productRefGroup = D187991F2A460848002A3459 /* Products */;
			projectDirPath = "";
			projectRoot = "";
			targets = (
				D187991D2A460848002A3459 /* Test */,
			);
		};
/* End PBXProject section */

/* Begin PBXSourcesBuildPhase section */
		D187991A2A460848002A3459 /* Sources */ = {
			isa = PBXSourcesBuildPhase;
			buildActionMask = 2147483647;
			files = (
				D18799222A460848002A3459 /* main.swift in Sources */,
				D1E5143B2A47E86B00B66DF0 /* DataGeneration.swift in Sources */,
				D1E5143D2A47E95A00B66DF0 /* LogisticRegression.swift in Sources */,
				D187992C2A46094D002A3459 /* KNN.swift in Sources */,
				D1D4D4EF2A48525200F3F8C1 /* Bayes.swift in Sources */,
				D1E514372A4681D800B66DF0 /* LinearRegression.swift in Sources */,
			);
			runOnlyForDeploymentPostprocessing = 0;
		};
/* End PBXSourcesBuildPhase section */

/* Begin XCBuildConfiguration section */
		D18799232A460848002A3459 /* Debug */ = {
			isa = XCBuildConfiguration;
			buildSettings = {
				ALWAYS_SEARCH_USER_PATHS = NO;
				ASSETCATALOG_COMPILER_GENERATE_SWIFT_ASSET_SYMBOL_EXTENSIONS = YES;
				CLANG_ANALYZER_NONNULL = YES;
				CLANG_ANALYZER_NUMBER_OBJECT_CONVERSION = YES_AGGRESSIVE;
				CLANG_CXX_LANGUAGE_STANDARD = "gnu++20";
				CLANG_ENABLE_MODULES = YES;
				CLANG_ENABLE_OBJC_ARC = YES;
				CLANG_ENABLE_OBJC_WEAK = YES;
				CLANG_WARN_BLOCK_CAPTURE_AUTORELEASING = YES;
				CLANG_WARN_BOOL_CONVERSION = YES;
				CLANG_WARN_COMMA = YES;
				CLANG_WARN_CONSTANT_CONVERSION = YES;
				CLANG_WARN_DEPRECATED_OBJC_IMPLEMENTATIONS = YES;
				CLANG_WARN_DIRECT_OBJC_ISA_USAGE = YES_ERROR;
				CLANG_WARN_DOCUMENTATION_COMMENTS = YES;
				CLANG_WARN_EMPTY_BODY = YES;
				CLANG_WARN_ENUM_CONVERSION = YES;
				CLANG_WARN_INFINITE_RECURSION = YES;
				CLANG_WARN_INT_CONVERSION = YES;
				CLANG_WARN_NON_LITERAL_NULL_CONVERSION = YES;
				CLANG_WARN_OBJC_IMPLICIT_RETAIN_SELF = YES;
				CLANG_WARN_OBJC_LITERAL_CONVERSION = YES;
				CLANG_WARN_OBJC_ROOT_CLASS = YES_ERROR;
				CLANG_WARN_QUOTED_INCLUDE_IN_FRAMEWORK_HEADER = YES;
				CLANG_WARN_RANGE_LOOP_ANALYSIS = YES;
				CLANG_WARN_STRICT_PROTOTYPES = YES;
				CLANG_WARN_SUSPICIOUS_MOVE = YES;
				CLANG_WARN_UNGUARDED_AVAILABILITY = YES_AGGRESSIVE;
				CLANG_WARN_UNREACHABLE_CODE = YES;
				CLANG_WARN__DUPLICATE_METHOD_MATCH = YES;
				COPY_PHASE_STRIP = NO;
				DEBUG_INFORMATION_FORMAT = dwarf;
				ENABLE_STRICT_OBJC_MSGSEND = YES;
				ENABLE_TESTABILITY = YES;
				ENABLE_USER_SCRIPT_SANDBOXING = YES;
				GCC_C_LANGUAGE_STANDARD = gnu17;
				GCC_DYNAMIC_NO_PIC = NO;
				GCC_NO_COMMON_BLOCKS = YES;
				GCC_OPTIMIZATION_LEVEL = 0;
				GCC_PREPROCESSOR_DEFINITIONS = (
					"DEBUG=1",
					"$(inherited)",
				);
				GCC_WARN_64_TO_32_BIT_CONVERSION = YES;
				GCC_WARN_ABOUT_RETURN_TYPE = YES_ERROR;
				GCC_WARN_UNDECLARED_SELECTOR = YES;
				GCC_WARN_UNINITIALIZED_AUTOS = YES_AGGRESSIVE;
				GCC_WARN_UNUSED_FUNCTION = YES;
				GCC_WARN_UNUSED_VARIABLE = YES;
				LOCALIZATION_PREFERS_STRING_CATALOGS = YES;
				MACOSX_DEPLOYMENT_TARGET = 14.0;
				MTL_ENABLE_DEBUG_INFO = INCLUDE_SOURCE;
				MTL_FAST_MATH = YES;
				ONLY_ACTIVE_ARCH = YES;
				SDKROOT = macosx;
				SWIFT_ACTIVE_COMPILATION_CONDITIONS = "DEBUG $(inherited)";
				SWIFT_OPTIMIZATION_LEVEL = "-Onone";
			};
			name = Debug;
		};
		D18799242A460848002A3459 /* Release */ = {
			isa = XCBuildConfiguration;
			buildSettings = {
				ALWAYS_SEARCH_USER_PATHS = NO;
				ASSETCATALOG_COMPILER_GENERATE_SWIFT_ASSET_SYMBOL_EXTENSIONS = YES;
				CLANG_ANALYZER_NONNULL = YES;
				CLANG_ANALYZER_NUMBER_OBJECT_CONVERSION = YES_AGGRESSIVE;
				CLANG_CXX_LANGUAGE_STANDARD = "gnu++20";
				CLANG_ENABLE_MODULES = YES;
				CLANG_ENABLE_OBJC_ARC = YES;
				CLANG_ENABLE_OBJC_WEAK = YES;
				CLANG_WARN_BLOCK_CAPTURE_AUTORELEASING = YES;
				CLANG_WARN_BOOL_CONVERSION = YES;
				CLANG_WARN_COMMA = YES;
				CLANG_WARN_CONSTANT_CONVERSION = YES;
				CLANG_WARN_DEPRECATED_OBJC_IMPLEMENTATIONS = YES;
				CLANG_WARN_DIRECT_OBJC_ISA_USAGE = YES_ERROR;
				CLANG_WARN_DOCUMENTATION_COMMENTS = YES;
				CLANG_WARN_EMPTY_BODY = YES;
				CLANG_WARN_ENUM_CONVERSION = YES;
				CLANG_WARN_INFINITE_RECURSION = YES;
				CLANG_WARN_INT_CONVERSION = YES;
				CLANG_WARN_NON_LITERAL_NULL_CONVERSION = YES;
				CLANG_WARN_OBJC_IMPLICIT_RETAIN_SELF = YES;
				CLANG_WARN_OBJC_LITERAL_CONVERSION = YES;
				CLANG_WARN_OBJC_ROOT_CLASS = YES_ERROR;
				CLANG_WARN_QUOTED_INCLUDE_IN_FRAMEWORK_HEADER = YES;
				CLANG_WARN_RANGE_LOOP_ANALYSIS = YES;
				CLANG_WARN_STRICT_PROTOTYPES = YES;
				CLANG_WARN_SUSPICIOUS_MOVE = YES;
				CLANG_WARN_UNGUARDED_AVAILABILITY = YES_AGGRESSIVE;
				CLANG_WARN_UNREACHABLE_CODE = YES;
				CLANG_WARN__DUPLICATE_METHOD_MATCH = YES;
				COPY_PHASE_STRIP = NO;
				DEBUG_INFORMATION_FORMAT = "dwarf-with-dsym";
				ENABLE_NS_ASSERTIONS = NO;
				ENABLE_STRICT_OBJC_MSGSEND = YES;
				ENABLE_USER_SCRIPT_SANDBOXING = YES;
				GCC_C_LANGUAGE_STANDARD = gnu17;
				GCC_NO_COMMON_BLOCKS = YES;
				GCC_WARN_64_TO_32_BIT_CONVERSION = YES;
				GCC_WARN_ABOUT_RETURN_TYPE = YES_ERROR;
				GCC_WARN_UNDECLARED_SELECTOR = YES;
				GCC_WARN_UNINITIALIZED_AUTOS = YES_AGGRESSIVE;
				GCC_WARN_UNUSED_FUNCTION = YES;
				GCC_WARN_UNUSED_VARIABLE = YES;
				LOCALIZATION_PREFERS_STRING_CATALOGS = YES;
				MACOSX_DEPLOYMENT_TARGET = 14.0;
				MTL_ENABLE_DEBUG_INFO = NO;
				MTL_FAST_MATH = YES;
				SDKROOT = macosx;
				SWIFT_COMPILATION_MODE = wholemodule;
			};
			name = Release;
		};
		D18799262A460848002A3459 /* Debug */ = {
			isa = XCBuildConfiguration;
			buildSettings = {
				CODE_SIGN_STYLE = Automatic;
				DEVELOPMENT_TEAM = 98ANBDQHTW;
				ENABLE_HARDENED_RUNTIME = YES;
				PRODUCT_NAME = "$(TARGET_NAME)";
				SWIFT_VERSION = 5.0;
			};
			name = Debug;
		};
		D18799272A460848002A3459 /* Release */ = {
			isa = XCBuildConfiguration;
			buildSettings = {
				CODE_SIGN_STYLE = Automatic;
				DEVELOPMENT_TEAM = 98ANBDQHTW;
				ENABLE_HARDENED_RUNTIME = YES;
				PRODUCT_NAME = "$(TARGET_NAME)";
				SWIFT_VERSION = 5.0;
			};
			name = Release;
		};
/* End XCBuildConfiguration section */

/* Begin XCConfigurationList section */
		D18799192A460848002A3459 /* Build configuration list for PBXProject "Test" */ = {
			isa = XCConfigurationList;
			buildConfigurations = (
				D18799232A460848002A3459 /* Debug */,
				D18799242A460848002A3459 /* Release */,
			);
			defaultConfigurationIsVisible = 0;
			defaultConfigurationName = Release;
		};
		D18799252A460848002A3459 /* Build configuration list for PBXNativeTarget "Test" */ = {
			isa = XCConfigurationList;
			buildConfigurations = (
				D18799262A460848002A3459 /* Debug */,
				D18799272A460848002A3459 /* Release */,
			);
			defaultConfigurationIsVisible = 0;
			defaultConfigurationName = Release;
		};
/* End XCConfigurationList section */

/* Begin XCRemoteSwiftPackageReference section */
		D18799282A460899002A3459 /* XCRemoteSwiftPackageReference "swift-algorithms" */ = {
			isa = XCRemoteSwiftPackageReference;
			repositoryURL = "https://github.com/apple/swift-algorithms.git";
			requirement = {
				kind = upToNextMajorVersion;
				minimumVersion = 1.0.0;
			};
		};
/* End XCRemoteSwiftPackageReference section */

/* Begin XCSwiftPackageProductDependency section */
		D18799292A460899002A3459 /* Algorithms */ = {
			isa = XCSwiftPackageProductDependency;
			package = D18799282A460899002A3459 /* XCRemoteSwiftPackageReference "swift-algorithms" */;
			productName = Algorithms;
		};
/* End XCSwiftPackageProductDependency section */
	};
	rootObject = D18799162A460848002A3459 /* Project object */;
}
